
Microsoft Visual Studio Solution File, Format Version 12.00
# Visual Studio Version 17
VisualStudioVersion = 17.11.35312.102
MinimumVisualStudioVersion = 10.0.40219.1
Project("{FAE04EC0-301F-11D3-BF4B-00C04F79EFBC}") = "hazi", "hazi\hazi.csproj", "{D724B83B-1AB5-4E47-B035-3565B28EEA25}"
EndProject
Global
	GlobalSection(SolutionConfigurationPlatforms) = preSolution
		Debug|Any CPU = Debug|Any CPU
		Release|Any CPU = Release|Any CPU
	EndGlobalSection
	GlobalSection(ProjectConfigurationPlatforms) = postSolution
		{D724B83B-1AB5-4E47-B035-3565B28EEA25}.Debug|Any CPU.ActiveCfg = Debug|Any CPU
		{D724B83B-1AB5-4E47-B035-3565B28EEA25}.Debug|Any CPU.Build.0 = Debug|Any CPU
		{D724B83B-1AB5-4E47-B035-3565B28EEA25}.Release|Any CPU.ActiveCfg = Release|Any CPU
		{D724B83B-1AB5-4E47-B035-3565B28EEA25}.Release|Any CPU.Build.0 = Release|Any CPU
	EndGlobalSection
	GlobalSection(SolutionProperties) = preSolution
		HideSolutionNode = FALSE
	EndGlobalSection
	GlobalSection(ExtensibilityGlobals) = postSolution
		SolutionGuid = {E3FFF44D-E6B6-4BCA-ADAE-2A212B71AC13}
	EndGlobalSection
EndGlobal
